
Microsoft Visual Studio Solution File, Format Version 12.00
# Visual Studio Version 17
VisualStudioVersion = 17.5.33530.505
MinimumVisualStudioVersion = 10.0.40219.1
Project("{FAE04EC0-301F-11D3-BF4B-00C04F79EFBC}") = "TrackerLibrary", "TrackerLibrary\TrackerLibrary.csproj", "{9C548012-B70F-4B30-82C6-AA4635F5C776}"
EndProject
Project("{FAE04EC0-301F-11D3-BF4B-00C04F79EFBC}") = "TrackerUI", "TrackerUI\TrackerUI.csproj", "{3F9AE4FA-7A94-4C1F-87A9-D00D165362AC}"
EndProject
Global
	GlobalSection(SolutionConfigurationPlatforms) = preSolution
		Debug|Any CPU = Debug|Any CPU
		Release|Any CPU = Release|Any CPU
	EndGlobalSection
	GlobalSection(ProjectConfigurationPlatforms) = postSolution
		{9C548012-B70F-4B30-82C6-AA4635F5C776}.Debug|Any CPU.ActiveCfg = Debug|Any CPU
		{9C548012-B70F-4B30-82C6-AA4635F5C776}.Debug|Any CPU.Build.0 = Debug|Any CPU
		{9C548012-B70F-4B30-82C6-AA4635F5C776}.Release|Any CPU.ActiveCfg = Release|Any CPU
		{9C548012-B70F-4B30-82C6-AA4635F5C776}.Release|Any CPU.Build.0 = Release|Any CPU
		{3F9AE4FA-7A94-4C1F-87A9-D00D165362AC}.Debug|Any CPU.ActiveCfg = Debug|Any CPU
		{3F9AE4FA-7A94-4C1F-87A9-D00D165362AC}.Debug|Any CPU.Build.0 = Debug|Any CPU
		{3F9AE4FA-7A94-4C1F-87A9-D00D165362AC}.Release|Any CPU.ActiveCfg = Release|Any CPU
		{3F9AE4FA-7A94-4C1F-87A9-D00D165362AC}.Release|Any CPU.Build.0 = Release|Any CPU
	EndGlobalSection
	GlobalSection(SolutionProperties) = preSolution
		HideSolutionNode = FALSE
	EndGlobalSection
	GlobalSection(ExtensibilityGlobals) = postSolution
		SolutionGuid = {198BDA1B-BEB7-40CC-973D-6DBD5FA77ADD}
	EndGlobalSection
EndGlobal
